
Microsoft Visual Studio Solution File, Format Version 12.00
# Visual Studio Version 17
VisualStudioVersion = 17.2.32516.85
MinimumVisualStudioVersion = 10.0.40219.1
Project("{FAE04EC0-301F-11D3-BF4B-00C04F79EFBC}") = "ClicKaNoPowerAutomate", "ClicKaNoPowerAutomate\ClicKaNoPowerAutomate.csproj", "{7062C882-2425-461B-B12C-3E60E76843AB}"
EndProject
Global
	GlobalSection(SolutionConfigurationPlatforms) = preSolution
		Debug|Any CPU = Debug|Any CPU
		Release|Any CPU = Release|Any CPU
	EndGlobalSection
	GlobalSection(ProjectConfigurationPlatforms) = postSolution
		{7062C882-2425-461B-B12C-3E60E76843AB}.Debug|Any CPU.ActiveCfg = Debug|Any CPU
		{7062C882-2425-461B-B12C-3E60E76843AB}.Debug|Any CPU.Build.0 = Debug|Any CPU
		{7062C882-2425-461B-B12C-3E60E76843AB}.Release|Any CPU.ActiveCfg = Release|Any CPU
		{7062C882-2425-461B-B12C-3E60E76843AB}.Release|Any CPU.Build.0 = Release|Any CPU
	EndGlobalSection
	GlobalSection(SolutionProperties) = preSolution
		HideSolutionNode = FALSE
	EndGlobalSection
	GlobalSection(ExtensibilityGlobals) = postSolution
		SolutionGuid = {48B9475D-2006-451E-8F0C-EB8245C00080}
	EndGlobalSection
EndGlobal
